
Microsoft Visual Studio Solution File, Format Version 12.00
# Visual Studio Version 17
VisualStudioVersion = 17.2.32630.192
MinimumVisualStudioVersion = 10.0.40219.1
Project("{9A19103F-16F7-4668-BE54-9A1E7A4F7556}") = "SimpleStoreWeb", "SimpleStoreWeb.csproj", "{C3C462BE-2956-40DA-8EE1-DA0A427FB3DE}"
EndProject
Project("{E53339B2-1760-4266-BCC7-CA923CBCF16C}") = "docker-compose", "docker-compose.dcproj", "{CB2E03D7-581B-4734-9B32-A9CD23810AD3}"
EndProject
Global
	GlobalSection(SolutionConfigurationPlatforms) = preSolution
		Debug|Any CPU = Debug|Any CPU
		Release|Any CPU = Release|Any CPU
	EndGlobalSection
	GlobalSection(ProjectConfigurationPlatforms) = postSolution
		{C3C462BE-2956-40DA-8EE1-DA0A427FB3DE}.Debug|Any CPU.ActiveCfg = Debug|Any CPU
		{C3C462BE-2956-40DA-8EE1-DA0A427FB3DE}.Debug|Any CPU.Build.0 = Debug|Any CPU
		{C3C462BE-2956-40DA-8EE1-DA0A427FB3DE}.Release|Any CPU.ActiveCfg = Release|Any CPU
		{C3C462BE-2956-40DA-8EE1-DA0A427FB3DE}.Release|Any CPU.Build.0 = Release|Any CPU
		{CB2E03D7-581B-4734-9B32-A9CD23810AD3}.Debug|Any CPU.ActiveCfg = Debug|Any CPU
		{CB2E03D7-581B-4734-9B32-A9CD23810AD3}.Debug|Any CPU.Build.0 = Debug|Any CPU
		{CB2E03D7-581B-4734-9B32-A9CD23810AD3}.Release|Any CPU.ActiveCfg = Release|Any CPU
		{CB2E03D7-581B-4734-9B32-A9CD23810AD3}.Release|Any CPU.Build.0 = Release|Any CPU
	EndGlobalSection
	GlobalSection(SolutionProperties) = preSolution
		HideSolutionNode = FALSE
	EndGlobalSection
	GlobalSection(ExtensibilityGlobals) = postSolution
		SolutionGuid = {92CD5B9B-B31B-4835-B842-F3860233746B}
	EndGlobalSection
EndGlobal
